<?xml version="1.0" encoding="utf-8"?>
<Project ToolsVersion="4.0" xmlns="http://schemas.microsoft.com/developer/msbuild/2003">
  <ItemGroup>
    <Filter Include="Source Files">
      <UniqueIdentifier>{4FC737F1-C7A5-4376-A066-2A32D752A2FF}</UniqueIdentifier>
      <Extensions>cpp;c;cc;cxx;def;odl;idl;hpj;bat;asm;asmx</Extensions>
    </Filter>
    <Filter Include="Header Files">
      <UniqueIdentifier>{93995380-89BD-4b04-88EB-625FBE52EBFB}</UniqueIdentifier>
      <Extensions>h;hh;hpp;hxx;hm;inl;inc;xsd</Extensions>
    </Filter>
    <Filter Include="Resource Files">
      <UniqueIdentifier>{67DA6AB6-F800-4c08-8B7A-83BB121AAD01}</UniqueIdentifier>
      <Extensions>rc;ico;cur;bmp;dlg;rc2;rct;bin;rgs;gif;jpg;jpeg;jpe;resx;tiff;tif;png;wav;mfcribbon-ms</Extensions>
    </Filter>
    <Filter Include="Header Files\stateIO">
      <UniqueIdentifier>{5951cf15-a5ac-4691-af42-b3d5d5f5e1bd}</UniqueIdentifier>
    </Filter>
    <Filter Include="Source Files\stateIO">
      <UniqueIdentifier>{183f4779-09e9-4395-9e06-b62437639a91}</UniqueIdentifier>
    </Filter>
  </ItemGroup>
  <ItemGroup>
    <ClCompile Include="LOG4900_Google.cpp">
      <Filter>Source Files</Filter>
    </ClCompile>
    <ClCompile Include="StackLine.cpp">
      <Filter>Source Files</Filter>
    </ClCompile>
    <ClCompile Include="LiveStack.cpp">
      <Filter>Source Files</Filter>
    </ClCompile>
    <ClCompile Include="stateIO\AbstractState.cpp">
      <Filter>Source Files\stateIO</Filter>
    </ClCompile>
    <ClCompile Include="stateIO\FileIO.cpp">
      <Filter>Source Files\stateIO</Filter>
    </ClCompile>
    <ClCompile Include="stateIO\IoStateManager.cpp">
      <Filter>Source Files\stateIO</Filter>
    </ClCompile>
    <ClCompile Include="Utils.cpp">
      <Filter>Source Files</Filter>
    </ClCompile>
    <ClCompile Include="Converter.cpp">
      <Filter>Source Files</Filter>
    </ClCompile>
    <ClCompile Include="MemoryMapper.cpp">
      <Filter>Source Files</Filter>
    </ClCompile>
    <ClCompile Include="Parser.cpp">
      <Filter>Source Files</Filter>
    </ClCompile>
    <ClCompile Include="JsonWriter.cpp">
      <Filter>Source Files</Filter>
    </ClCompile>
    <ClCompile Include="Timer.cpp">
      <Filter>Source Files</Filter>
    </ClCompile>
  </ItemGroup>
  <ItemGroup>
    <ClInclude Include="StackLine.h">
      <Filter>Header Files</Filter>
    </ClInclude>
    <ClInclude Include="HeaderDefinition.h">
      <Filter>Header Files</Filter>
    </ClInclude>
    <ClInclude Include="LiveStack.h">
      <Filter>Header Files</Filter>
    </ClInclude>
    <ClInclude Include="stateIO\AbstractState.h">
      <Filter>Header Files\stateIO</Filter>
    </ClInclude>
    <ClInclude Include="stateIO\FileIOCreateState.h">
      <Filter>Header Files\stateIO</Filter>
    </ClInclude>
    <ClInclude Include="stateIO\FileIOCleanUpState.h">
      <Filter>Header Files\stateIO</Filter>
    </ClInclude>
    <ClInclude Include="stateIO\FileIOCloseState.h">
      <Filter>Header Files\stateIO</Filter>
    </ClInclude>
    <ClInclude Include="stateIO\FileIODeleteState.h">
      <Filter>Header Files\stateIO</Filter>
    </ClInclude>
    <ClInclude Include="stateIO\FileIODirEnumState.h">
      <Filter>Header Files\stateIO</Filter>
    </ClInclude>
    <ClInclude Include="stateIO\FileIODirNotifyState.h">
      <Filter>Header Files\stateIO</Filter>
    </ClInclude>
    <ClInclude Include="stateIO\FileIOFlushState.h">
      <Filter>Header Files\stateIO</Filter>
    </ClInclude>
    <ClInclude Include="stateIO\FileIOFSCTLState.h">
      <Filter>Header Files\stateIO</Filter>
    </ClInclude>
    <ClInclude Include="stateIO\FileIOOpEndState.h">
      <Filter>Header Files\stateIO</Filter>
    </ClInclude>
    <ClInclude Include="stateIO\FileIOQueryInfoState.h">
      <Filter>Header Files\stateIO</Filter>
    </ClInclude>
    <ClInclude Include="stateIO\FileIOReadState.h">
      <Filter>Header Files\stateIO</Filter>
    </ClInclude>
    <ClInclude Include="stateIO\FileIORenameState.h">
      <Filter>Header Files\stateIO</Filter>
    </ClInclude>
    <ClInclude Include="stateIO\FileIOSetInfoState.h">
      <Filter>Header Files\stateIO</Filter>
    </ClInclude>
    <ClInclude Include="stateIO\FileIOWriteState.h">
      <Filter>Header Files\stateIO</Filter>
    </ClInclude>
    <ClInclude Include="stateIO\IoStateManager.h">
      <Filter>Header Files\stateIO</Filter>
    </ClInclude>
    <ClInclude Include="stateIO\typeIO.h">
      <Filter>Header Files\stateIO</Filter>
    </ClInclude>
    <ClInclude Include="Utils.h">
      <Filter>Header Files</Filter>
    </ClInclude>
    <ClInclude Include="Converter.h">
      <Filter>Header Files</Filter>
    </ClInclude>
    <ClInclude Include="MemoryMapper.h">
      <Filter>Header Files</Filter>
    </ClInclude>
    <ClInclude Include="Parser.h">
      <Filter>Header Files</Filter>
    </ClInclude>
    <ClInclude Include="JsonWriter.h">
      <Filter>Header Files</Filter>
    </ClInclude>
    <ClInclude Include="Timer.h">
      <Filter>Header Files</Filter>
    </ClInclude>
  </ItemGroup>
</Project>